
Microsoft Visual Studio Solution File, Format Version 12.00
# Visual Studio Version 16
VisualStudioVersion = 16.0.32228.343
MinimumVisualStudioVersion = 10.0.40219.1
Project("{FAE04EC0-301F-11D3-BF4B-00C04F79EFBC}") = "app", "app.csproj", "{781399A4-E9B2-46F6-A314-57F25EEFFCD8}"
EndProject
Global
	GlobalSection(SolutionConfigurationPlatforms) = preSolution
		Debug|Any CPU = Debug|Any CPU
		Release|Any CPU = Release|Any CPU
	EndGlobalSection
	GlobalSection(ProjectConfigurationPlatforms) = postSolution
		{781399A4-E9B2-46F6-A314-57F25EEFFCD8}.Debug|Any CPU.ActiveCfg = Debug|Any CPU
		{781399A4-E9B2-46F6-A314-57F25EEFFCD8}.Debug|Any CPU.Build.0 = Debug|Any CPU
		{781399A4-E9B2-46F6-A314-57F25EEFFCD8}.Release|Any CPU.ActiveCfg = Release|Any CPU
		{781399A4-E9B2-46F6-A314-57F25EEFFCD8}.Release|Any CPU.Build.0 = Release|Any CPU
	EndGlobalSection
	GlobalSection(SolutionProperties) = preSolution
		HideSolutionNode = FALSE
	EndGlobalSection
	GlobalSection(ExtensibilityGlobals) = postSolution
		SolutionGuid = {6ABAC590-4E9C-49FA-882D-B804306E01EC}
	EndGlobalSection
EndGlobal
