
Microsoft Visual Studio Solution File, Format Version 12.00
# Visual Studio Version 16
VisualStudioVersion = 16.0.32228.343
MinimumVisualStudioVersion = 10.0.40219.1
Project("{F14B399A-7131-4C87-9E4B-1186C45EF12D}") = "Bericht_Futter", "Bericht_Futter\Bericht_Futter.rptproj", "{90CDA79C-8C02-42E4-8FC5-27E0E13DE743}"
EndProject
Global
	GlobalSection(SolutionConfigurationPlatforms) = preSolution
		Debug|Default = Debug|Default
		DebugLocal|Default = DebugLocal|Default
		Release|Default = Release|Default
	EndGlobalSection
	GlobalSection(ProjectConfigurationPlatforms) = postSolution
		{90CDA79C-8C02-42E4-8FC5-27E0E13DE743}.Debug|Default.ActiveCfg = Debug
		{90CDA79C-8C02-42E4-8FC5-27E0E13DE743}.Debug|Default.Build.0 = Debug
		{90CDA79C-8C02-42E4-8FC5-27E0E13DE743}.Debug|Default.Deploy.0 = Debug
		{90CDA79C-8C02-42E4-8FC5-27E0E13DE743}.DebugLocal|Default.ActiveCfg = DebugLocal
		{90CDA79C-8C02-42E4-8FC5-27E0E13DE743}.DebugLocal|Default.Build.0 = DebugLocal
		{90CDA79C-8C02-42E4-8FC5-27E0E13DE743}.Release|Default.ActiveCfg = Release
		{90CDA79C-8C02-42E4-8FC5-27E0E13DE743}.Release|Default.Build.0 = Release
		{90CDA79C-8C02-42E4-8FC5-27E0E13DE743}.Release|Default.Deploy.0 = Release
	EndGlobalSection
	GlobalSection(SolutionProperties) = preSolution
		HideSolutionNode = FALSE
	EndGlobalSection
	GlobalSection(ExtensibilityGlobals) = postSolution
		SolutionGuid = {7602137C-1910-4EC3-A2A0-D4C45624EC6B}
	EndGlobalSection
EndGlobal
